{
  "originHash" : "1488542b7a106755daeebcd300c734ffbc0ffdc1446a1150ed779a262ce707ad",
  "pins" : [
    {
      "identity" : "files",
      "kind" : "remoteSourceControl",
      "location" : "https://github.com/JohnSundell/Files",
      "state" : {
        "revision" : "d273b5b7025d386feef79ef6bad7de762e106eaf",
        "version" : "4.2.0"
      }
    },
    {
      "identity" : "xmlparsing",
      "kind" : "remoteSourceControl",
      "location" : "https://github.com/ShawnMoore/XMLParsing.git",
      "state" : {
        "revision" : "2b77a8078d9695aac1a0e5806768e819025174c3",
        "version" : "0.0.3"
      }
    }
  ],
  "version" : 3
}
